
Microsoft Visual Studio Solution File, Format Version 12.00
# Visual Studio Version 17
VisualStudioVersion = 17.8.34525.116
MinimumVisualStudioVersion = 10.0.40219.1
Project("{FAE04EC0-301F-11D3-BF4B-00C04F79EFBC}") = "CollectionApp", "CollectionApp\CollectionApp.csproj", "{C01171ED-06B9-4B7F-8E1B-1DFCA08F28F3}"
EndProject
Project("{FAE04EC0-301F-11D3-BF4B-00C04F79EFBC}") = "StackApp", "StackApp\StackApp.csproj", "{04D6E4D7-5052-43E4-97C1-12A0CB8791A2}"
EndProject
Project("{FAE04EC0-301F-11D3-BF4B-00C04F79EFBC}") = "QueueApp", "QueueApp\QueueApp.csproj", "{6FB63AC1-100E-4DC7-8051-CD7064C7A764}"
EndProject
Global
	GlobalSection(SolutionConfigurationPlatforms) = preSolution
		Debug|Any CPU = Debug|Any CPU
		Release|Any CPU = Release|Any CPU
	EndGlobalSection
	GlobalSection(ProjectConfigurationPlatforms) = postSolution
		{C01171ED-06B9-4B7F-8E1B-1DFCA08F28F3}.Debug|Any CPU.ActiveCfg = Debug|Any CPU
		{C01171ED-06B9-4B7F-8E1B-1DFCA08F28F3}.Debug|Any CPU.Build.0 = Debug|Any CPU
		{C01171ED-06B9-4B7F-8E1B-1DFCA08F28F3}.Release|Any CPU.ActiveCfg = Release|Any CPU
		{C01171ED-06B9-4B7F-8E1B-1DFCA08F28F3}.Release|Any CPU.Build.0 = Release|Any CPU
		{04D6E4D7-5052-43E4-97C1-12A0CB8791A2}.Debug|Any CPU.ActiveCfg = Debug|Any CPU
		{04D6E4D7-5052-43E4-97C1-12A0CB8791A2}.Debug|Any CPU.Build.0 = Debug|Any CPU
		{04D6E4D7-5052-43E4-97C1-12A0CB8791A2}.Release|Any CPU.ActiveCfg = Release|Any CPU
		{04D6E4D7-5052-43E4-97C1-12A0CB8791A2}.Release|Any CPU.Build.0 = Release|Any CPU
		{6FB63AC1-100E-4DC7-8051-CD7064C7A764}.Debug|Any CPU.ActiveCfg = Debug|Any CPU
		{6FB63AC1-100E-4DC7-8051-CD7064C7A764}.Debug|Any CPU.Build.0 = Debug|Any CPU
		{6FB63AC1-100E-4DC7-8051-CD7064C7A764}.Release|Any CPU.ActiveCfg = Release|Any CPU
		{6FB63AC1-100E-4DC7-8051-CD7064C7A764}.Release|Any CPU.Build.0 = Release|Any CPU
	EndGlobalSection
	GlobalSection(SolutionProperties) = preSolution
		HideSolutionNode = FALSE
	EndGlobalSection
	GlobalSection(ExtensibilityGlobals) = postSolution
		SolutionGuid = {677E35D6-ED8F-490A-B365-0C73C37CFBFF}
	EndGlobalSection
EndGlobal
